
Microsoft Visual Studio Solution File, Format Version 12.00
# Visual Studio 2012
Project("{FAE04EC0-301F-11D3-BF4B-00C04F79EFBC}") = "Euro2016", "Euro2016\Euro2016.csproj", "{B3F8BCFD-0D92-4364-84B9-699201ECB9D9}"
EndProject
Project("{FAE04EC0-301F-11D3-BF4B-00C04F79EFBC}") = "Euro2016.Tests", "Euro2016.Tests\Euro2016.Tests.csproj", "{86E49FB4-8C84-4108-9168-EB261DF70B9E}"
EndProject
Global
	GlobalSection(SolutionConfigurationPlatforms) = preSolution
		Debug|Any CPU = Debug|Any CPU
		Release|Any CPU = Release|Any CPU
	EndGlobalSection
	GlobalSection(ProjectConfigurationPlatforms) = postSolution
		{B3F8BCFD-0D92-4364-84B9-699201ECB9D9}.Debug|Any CPU.ActiveCfg = Debug|Any CPU
		{B3F8BCFD-0D92-4364-84B9-699201ECB9D9}.Debug|Any CPU.Build.0 = Debug|Any CPU
		{B3F8BCFD-0D92-4364-84B9-699201ECB9D9}.Release|Any CPU.ActiveCfg = Release|Any CPU
		{B3F8BCFD-0D92-4364-84B9-699201ECB9D9}.Release|Any CPU.Build.0 = Release|Any CPU
		{86E49FB4-8C84-4108-9168-EB261DF70B9E}.Debug|Any CPU.ActiveCfg = Debug|Any CPU
		{86E49FB4-8C84-4108-9168-EB261DF70B9E}.Debug|Any CPU.Build.0 = Debug|Any CPU
		{86E49FB4-8C84-4108-9168-EB261DF70B9E}.Release|Any CPU.ActiveCfg = Release|Any CPU
		{86E49FB4-8C84-4108-9168-EB261DF70B9E}.Release|Any CPU.Build.0 = Release|Any CPU
	EndGlobalSection
	GlobalSection(SolutionProperties) = preSolution
		HideSolutionNode = FALSE
	EndGlobalSection
EndGlobal
